// !$*UTF8*$!
{
	archiveVersion = 1;
	classes = {
	};
	objectVersion = 50;
	objects = {

/* Begin PBXBuildFile section */
		2B29597522A6EB3C00B50757 /* Room.swift in Sources */ = {isa = PBXBuildFile; fileRef = 2B29597422A6EB3C00B50757 /* Room.swift */; };
		2B29597922A6ECAF00B50757 /* RoomDetailsView.swift in Sources */ = {isa = PBXBuildFile; fileRef = 2B29597822A6ECAF00B50757 /* RoomDetailsView.swift */; };
		2B29597B22A6F29600B50757 /* RoomStore.swift in Sources */ = {isa = PBXBuildFile; fileRef = 2B29597A22A6F29600B50757 /* RoomStore.swift */; };
		2BA90C0E22A6E986004E285B /* AppDelegate.swift in Sources */ = {isa = PBXBuildFile; fileRef = 2BA90C0D22A6E986004E285B /* AppDelegate.swift */; };
		2BA90C1022A6E986004E285B /* SceneDelegate.swift in Sources */ = {isa = PBXBuildFile; fileRef = 2BA90C0F22A6E986004E285B /* SceneDelegate.swift */; };
		2BA90C1222A6E986004E285B /* ContentView.swift in Sources */ = {isa = PBXBuildFile; fileRef = 2BA90C1122A6E986004E285B /* ContentView.swift */; };
		2BA90C1422A6E988004E285B /* Assets.xcassets in Resources */ = {isa = PBXBuildFile; fileRef = 2BA90C1322A6E988004E285B /* Assets.xcassets */; };
		2BA90C1722A6E988004E285B /* Preview Assets.xcassets in Resources */ = {isa = PBXBuildFile; fileRef = 2BA90C1622A6E988004E285B /* Preview Assets.xcassets */; };
		2BA90C1A22A6E988004E285B /* LaunchScreen.storyboard in Resources */ = {isa = PBXBuildFile; fileRef = 2BA90C1822A6E988004E285B /* LaunchScreen.storyboard */; };
/* End PBXBuildFile section */

/* Begin PBXFileReference section */
		2B29597422A6EB3C00B50757 /* Room.swift */ = {isa = PBXFileReference; lastKnownFileType = sourcecode.swift; name = Room.swift; path = DerivedData/Room.swift; sourceTree = SOURCE_ROOT; };
		2B29597822A6ECAF00B50757 /* RoomDetailsView.swift */ = {isa = PBXFileReference; lastKnownFileType = sourcecode.swift; path = RoomDetailsView.swift; sourceTree = "<group>"; };
		2B29597A22A6F29600B50757 /* RoomStore.swift */ = {isa = PBXFileReference; lastKnownFileType = sourcecode.swift; path = RoomStore.swift; sourceTree = "<group>"; };
		2BA90C0A22A6E986004E285B /* Rooms.app */ = {isa = PBXFileReference; explicitFileType = wrapper.application; includeInIndex = 0; path = Rooms.app; sourceTree = BUILT_PRODUCTS_DIR; };
		2BA90C0D22A6E986004E285B /* AppDelegate.swift */ = {isa = PBXFileReference; lastKnownFileType = sourcecode.swift; path = AppDelegate.swift; sourceTree = "<group>"; };
		2BA90C0F22A6E986004E285B /* SceneDelegate.swift */ = {isa = PBXFileReference; lastKnownFileType = sourcecode.swift; path = SceneDelegate.swift; sourceTree = "<group>"; };
		2BA90C1122A6E986004E285B /* ContentView.swift */ = {isa = PBXFileReference; lastKnownFileType = sourcecode.swift; path = ContentView.swift; sourceTree = "<group>"; };
		2BA90C1322A6E988004E285B /* Assets.xcassets */ = {isa = PBXFileReference; lastKnownFileType = folder.assetcatalog; path = Assets.xcassets; sourceTree = "<group>"; };
		2BA90C1622A6E988004E285B /* Preview Assets.xcassets */ = {isa = PBXFileReference; lastKnownFileType = folder.assetcatalog; path = "Preview Assets.xcassets"; sourceTree = "<group>"; };
		2BA90C1922A6E988004E285B /* Base */ = {isa = PBXFileReference; lastKnownFileType = file.storyboard; name = Base; path = Base.lproj/LaunchScreen.storyboard; sourceTree = "<group>"; };
		2BA90C1B22A6E988004E285B /* Info.plist */ = {isa = PBXFileReference; lastKnownFileType = text.plist.xml; path = Info.plist; sourceTree = "<group>"; };
/* End PBXFileReference section */

/* Begin PBXFrameworksBuildPhase section */
		2BA90C0722A6E986004E285B /* Frameworks */ = {
			isa = PBXFrameworksBuildPhase;
			buildActionMask = 2147483647;
			files = (
			);
			runOnlyForDeploymentPostprocessing = 0;
		};
/* End PBXFrameworksBuildPhase section */

/* Begin PBXGroup section */
		2BA90C0122A6E986004E285B = {
			isa = PBXGroup;
			children = (
				2BA90C0C22A6E986004E285B /* Rooms */,
				2BA90C0B22A6E986004E285B /* Products */,
			);
			sourceTree = "<group>";
		};
		2BA90C0B22A6E986004E285B /* Products */ = {
			isa = PBXGroup;
			children = (
				2BA90C0A22A6E986004E285B /* Rooms.app */,
			);
			name = Products;
			sourceTree = "<group>";
		};
		2BA90C0C22A6E986004E285B /* Rooms */ = {
			isa = PBXGroup;
			children = (
				2BA90C0D22A6E986004E285B /* AppDelegate.swift */,
				2BA90C0F22A6E986004E285B /* SceneDelegate.swift */,
				2BA90C1122A6E986004E285B /* ContentView.swift */,
				2B29597822A6ECAF00B50757 /* RoomDetailsView.swift */,
				2B29597A22A6F29600B50757 /* RoomStore.swift */,
				2B29597422A6EB3C00B50757 /* Room.swift */,
				2BA90C1322A6E988004E285B /* Assets.xcassets */,
				2BA90C1822A6E988004E285B /* LaunchScreen.storyboard */,
				2BA90C1B22A6E988004E285B /* Info.plist */,
				2BA90C1522A6E988004E285B /* Preview Content */,
			);
			path = Rooms;
			sourceTree = "<group>";
		};
		2BA90C1522A6E988004E285B /* Preview Content */ = {
			isa = PBXGroup;
			children = (
				2BA90C1622A6E988004E285B /* Preview Assets.xcassets */,
			);
			path = "Preview Content";
			sourceTree = "<group>";
		};
/* End PBXGroup section */

/* Begin PBXNativeTarget section */
		2BA90C0922A6E986004E285B /* Rooms */ = {
			isa = PBXNativeTarget;
			buildConfigurationList = 2BA90C1E22A6E988004E285B /* Build configuration list for PBXNativeTarget "Rooms" */;
			buildPhases = (
				2BA90C0622A6E986004E285B /* Sources */,
				2BA90C0722A6E986004E285B /* Frameworks */,
				2BA90C0822A6E986004E285B /* Resources */,
			);
			buildRules = (
			);
			dependencies = (
			);
			name = Rooms;
			productName = Rooms;
			productReference = 2BA90C0A22A6E986004E285B /* Rooms.app */;
			productType = "com.apple.product-type.application";
		};
/* End PBXNativeTarget section */

/* Begin PBXProject section */
		2BA90C0222A6E986004E285B /* Project object */ = {
			isa = PBXProject;
			attributes = {
				LastSwiftUpdateCheck = 1100;
				LastUpgradeCheck = 1100;
				ORGANIZATIONNAME = tradexport;
				TargetAttributes = {
					2BA90C0922A6E986004E285B = {
						CreatedOnToolsVersion = 11.0;
					};
				};
			};
			buildConfigurationList = 2BA90C0522A6E986004E285B /* Build configuration list for PBXProject "Rooms" */;
			compatibilityVersion = "Xcode 9.3";
			developmentRegion = en;
			hasScannedForEncodings = 0;
			knownRegions = (
				en,
				Base,
			);
			mainGroup = 2BA90C0122A6E986004E285B;
			productRefGroup = 2BA90C0B22A6E986004E285B /* Products */;
			projectDirPath = "";
			projectRoot = "";
			targets = (
				2BA90C0922A6E986004E285B /* Rooms */,
			);
		};
/* End PBXProject section */

/* Begin PBXResourcesBuildPhase section */
		2BA90C0822A6E986004E285B /* Resources */ = {
			isa = PBXResourcesBuildPhase;
			buildActionMask = 2147483647;
			files = (
				2BA90C1A22A6E988004E285B /* LaunchScreen.storyboard in Resources */,
				2BA90C1722A6E988004E285B /* Preview Assets.xcassets in Resources */,
				2BA90C1422A6E988004E285B /* Assets.xcassets in Resources */,
			);
			runOnlyForDeploymentPostprocessing = 0;
		};
/* End PBXResourcesBuildPhase section */

/* Begin PBXSourcesBuildPhase section */
		2BA90C0622A6E986004E285B /* Sources */ = {
			isa = PBXSourcesBuildPhase;
			buildActionMask = 2147483647;
			files = (
				2B29597922A6ECAF00B50757 /* RoomDetailsView.swift in Sources */,
				2BA90C0E22A6E986004E285B /* AppDelegate.swift in Sources */,
				2BA90C1022A6E986004E285B /* SceneDelegate.swift in Sources */,
				2B29597522A6EB3C00B50757 /* Room.swift in Sources */,
				2B29597B22A6F29600B50757 /* RoomStore.swift in Sources */,
				2BA90C1222A6E986004E285B /* ContentView.swift in Sources */,
			);
			runOnlyForDeploymentPostprocessing = 0;
		};
/* End PBXSourcesBuildPhase section */

/* Begin PBXVariantGroup section */
		2BA90C1822A6E988004E285B /* LaunchScreen.storyboard */ = {
			isa = PBXVariantGroup;
			children = (
				2BA90C1922A6E988004E285B /* Base */,
			);
			name = LaunchScreen.storyboard;
			sourceTree = "<group>";
		};
/* End PBXVariantGroup section */

/* Begin XCBuildConfiguration section */
		2BA90C1C22A6E988004E285B /* Debug */ = {
			isa = XCBuildConfiguration;
			buildSettings = {
				ALWAYS_SEARCH_USER_PATHS = NO;
				CLANG_ANALYZER_NONNULL = YES;
				CLANG_ANALYZER_NUMBER_OBJECT_CONVERSION = YES_AGGRESSIVE;
				CLANG_CXX_LANGUAGE_STANDARD = "gnu++14";
				CLANG_CXX_LIBRARY = "libc++";
				CLANG_ENABLE_MODULES = YES;
				CLANG_ENABLE_OBJC_ARC = YES;
				CLANG_ENABLE_OBJC_WEAK = YES;
				CLANG_WARN_BLOCK_CAPTURE_AUTORELEASING = YES;
				CLANG_WARN_BOOL_CONVERSION = YES;
				CLANG_WARN_COMMA = YES;
				CLANG_WARN_CONSTANT_CONVERSION = YES;
				CLANG_WARN_DEPRECATED_OBJC_IMPLEMENTATIONS = YES;
				CLANG_WARN_DIRECT_OBJC_ISA_USAGE = YES_ERROR;
				CLANG_WARN_DOCUMENTATION_COMMENTS = YES;
				CLANG_WARN_EMPTY_BODY = YES;
				CLANG_WARN_ENUM_CONVERSION = YES;
				CLANG_WARN_INFINITE_RECURSION = YES;
				CLANG_WARN_INT_CONVERSION = YES;
				CLANG_WARN_NON_LITERAL_NULL_CONVERSION = YES;
				CLANG_WARN_OBJC_IMPLICIT_RETAIN_SELF = YES;
				CLANG_WARN_OBJC_LITERAL_CONVERSION = YES;
				CLANG_WARN_OBJC_ROOT_CLASS = YES_ERROR;
				CLANG_WARN_RANGE_LOOP_ANALYSIS = YES;
				CLANG_WARN_STRICT_PROTOTYPES = YES;
				CLANG_WARN_SUSPICIOUS_MOVE = YES;
				CLANG_WARN_UNGUARDED_AVAILABILITY = YES_AGGRESSIVE;
				CLANG_WARN_UNREACHABLE_CODE = YES;
				CLANG_WARN__DUPLICATE_METHOD_MATCH = YES;
				COPY_PHASE_STRIP = NO;
				DEBUG_INFORMATION_FORMAT = dwarf;
				ENABLE_STRICT_OBJC_MSGSEND = YES;
				ENABLE_TESTABILITY = YES;
				GCC_C_LANGUAGE_STANDARD = gnu11;
				GCC_DYNAMIC_NO_PIC = NO;
				GCC_NO_COMMON_BLOCKS = YES;
				GCC_OPTIMIZATION_LEVEL = 0;
				GCC_PREPROCESSOR_DEFINITIONS = (
					"DEBUG=1",
					"$(inherited)",
				);
				GCC_WARN_64_TO_32_BIT_CONVERSION = YES;
				GCC_WARN_ABOUT_RETURN_TYPE = YES_ERROR;
				GCC_WARN_UNDECLARED_SELECTOR = YES;
				GCC_WARN_UNINITIALIZED_AUTOS = YES_AGGRESSIVE;
				GCC_WARN_UNUSED_FUNCTION = YES;
				GCC_WARN_UNUSED_VARIABLE = YES;
				IPHONEOS_DEPLOYMENT_TARGET = 13.0;
				MTL_ENABLE_DEBUG_INFO = INCLUDE_SOURCE;
				MTL_FAST_MATH = YES;
				ONLY_ACTIVE_ARCH = YES;
				SDKROOT = iphoneos;
				SWIFT_ACTIVE_COMPILATION_CONDITIONS = DEBUG;
				SWIFT_OPTIMIZATION_LEVEL = "-Onone";
			};
			name = Debug;
		};
		2BA90C1D22A6E988004E285B /* Release */ = {
			isa = XCBuildConfiguration;
			buildSettings = {
				ALWAYS_SEARCH_USER_PATHS = NO;
				CLANG_ANALYZER_NONNULL = YES;
				CLANG_ANALYZER_NUMBER_OBJECT_CONVERSION = YES_AGGRESSIVE;
				CLANG_CXX_LANGUAGE_STANDARD = "gnu++14";
				CLANG_CXX_LIBRARY = "libc++";
				CLANG_ENABLE_MODULES = YES;
				CLANG_ENABLE_OBJC_ARC = YES;
				CLANG_ENABLE_OBJC_WEAK = YES;
				CLANG_WARN_BLOCK_CAPTURE_AUTORELEASING = YES;
				CLANG_WARN_BOOL_CONVERSION = YES;
				CLANG_WARN_COMMA = YES;
				CLANG_WARN_CONSTANT_CONVERSION = YES;
				CLANG_WARN_DEPRECATED_OBJC_IMPLEMENTATIONS = YES;
				CLANG_WARN_DIRECT_OBJC_ISA_USAGE = YES_ERROR;
				CLANG_WARN_DOCUMENTATION_COMMENTS = YES;
				CLANG_WARN_EMPTY_BODY = YES;
				CLANG_WARN_ENUM_CONVERSION = YES;
				CLANG_WARN_INFINITE_RECURSION = YES;
				CLANG_WARN_INT_CONVERSION = YES;
				CLANG_WARN_NON_LITERAL_NULL_CONVERSION = YES;
				CLANG_WARN_OBJC_IMPLICIT_RETAIN_SELF = YES;
				CLANG_WARN_OBJC_LITERAL_CONVERSION = YES;
				CLANG_WARN_OBJC_ROOT_CLASS = YES_ERROR;
				CLANG_WARN_RANGE_LOOP_ANALYSIS = YES;
				CLANG_WARN_STRICT_PROTOTYPES = YES;
				CLANG_WARN_SUSPICIOUS_MOVE = YES;
				CLANG_WARN_UNGUARDED_AVAILABILITY = YES_AGGRESSIVE;
				CLANG_WARN_UNREACHABLE_CODE = YES;
				CLANG_WARN__DUPLICATE_METHOD_MATCH = YES;
				COPY_PHASE_STRIP = NO;
				DEBUG_INFORMATION_FORMAT = "dwarf-with-dsym";
				ENABLE_NS_ASSERTIONS = NO;
				ENABLE_STRICT_OBJC_MSGSEND = YES;
				GCC_C_LANGUAGE_STANDARD = gnu11;
				GCC_NO_COMMON_BLOCKS = YES;
				GCC_WARN_64_TO_32_BIT_CONVERSION = YES;
				GCC_WARN_ABOUT_RETURN_TYPE = YES_ERROR;
				GCC_WARN_UNDECLARED_SELECTOR = YES;
				GCC_WARN_UNINITIALIZED_AUTOS = YES_AGGRESSIVE;
				GCC_WARN_UNUSED_FUNCTION = YES;
				GCC_WARN_UNUSED_VARIABLE = YES;
				IPHONEOS_DEPLOYMENT_TARGET = 13.0;
				MTL_ENABLE_DEBUG_INFO = NO;
				MTL_FAST_MATH = YES;
				SDKROOT = iphoneos;
				SWIFT_COMPILATION_MODE = wholemodule;
				SWIFT_OPTIMIZATION_LEVEL = "-O";
				VALIDATE_PRODUCT = YES;
			};
			name = Release;
		};
		2BA90C1F22A6E988004E285B /* Debug */ = {
			isa = XCBuildConfiguration;
			buildSettings = {
				ASSETCATALOG_COMPILER_APPICON_NAME = AppIcon;
				CODE_SIGN_STYLE = Automatic;
				DEVELOPMENT_ASSET_PATHS = "Rooms/Preview\\ Content";
				DEVELOPMENT_TEAM = 33CL6A4VWP;
				ENABLE_PREVIEWS = YES;
				INFOPLIST_FILE = Rooms/Info.plist;
				LD_RUNPATH_SEARCH_PATHS = (
					"$(inherited)",
					"@executable_path/Frameworks",
				);
				PRODUCT_BUNDLE_IDENTIFIER = tradexport.Rooms;
				PRODUCT_NAME = "$(TARGET_NAME)";
				SWIFT_VERSION = 5.0;
				TARGETED_DEVICE_FAMILY = "1,2";
			};
			name = Debug;
		};
		2BA90C2022A6E988004E285B /* Release */ = {
			isa = XCBuildConfiguration;
			buildSettings = {
				ASSETCATALOG_COMPILER_APPICON_NAME = AppIcon;
				CODE_SIGN_STYLE = Automatic;
				DEVELOPMENT_ASSET_PATHS = "Rooms/Preview\\ Content";
				DEVELOPMENT_TEAM = 33CL6A4VWP;
				ENABLE_PREVIEWS = YES;
				INFOPLIST_FILE = Rooms/Info.plist;
				LD_RUNPATH_SEARCH_PATHS = (
					"$(inherited)",
					"@executable_path/Frameworks",
				);
				PRODUCT_BUNDLE_IDENTIFIER = tradexport.Rooms;
				PRODUCT_NAME = "$(TARGET_NAME)";
				SWIFT_VERSION = 5.0;
				TARGETED_DEVICE_FAMILY = "1,2";
			};
			name = Release;
		};
/* End XCBuildConfiguration section */

/* Begin XCConfigurationList section */
		2BA90C0522A6E986004E285B /* Build configuration list for PBXProject "Rooms" */ = {
			isa = XCConfigurationList;
			buildConfigurations = (
				2BA90C1C22A6E988004E285B /* Debug */,
				2BA90C1D22A6E988004E285B /* Release */,
			);
			defaultConfigurationIsVisible = 0;
			defaultConfigurationName = Release;
		};
		2BA90C1E22A6E988004E285B /* Build configuration list for PBXNativeTarget "Rooms" */ = {
			isa = XCConfigurationList;
			buildConfigurations = (
				2BA90C1F22A6E988004E285B /* Debug */,
				2BA90C2022A6E988004E285B /* Release */,
			);
			defaultConfigurationIsVisible = 0;
			defaultConfigurationName = Release;
		};
/* End XCConfigurationList section */
	};
	rootObject = 2BA90C0222A6E986004E285B /* Project object */;
}
